
Microsoft Visual Studio Solution File, Format Version 12.00
# Visual Studio Version 16
VisualStudioVersion = 16.0.29806.167
MinimumVisualStudioVersion = 10.0.40219.1
Project("{FAE04EC0-301F-11D3-BF4B-00C04F79EFBC}") = "Pixel", "Pixel.csproj", "{0FEC3EC0-457E-463B-B6BB-34BC99D671DC}"
EndProject
Global
	GlobalSection(SolutionConfigurationPlatforms) = preSolution
		Debug|Any CPU = Debug|Any CPU
		Release|Any CPU = Release|Any CPU
	EndGlobalSection
	GlobalSection(ProjectConfigurationPlatforms) = postSolution
		{0FEC3EC0-457E-463B-B6BB-34BC99D671DC}.Debug|Any CPU.ActiveCfg = Debug|Any CPU
		{0FEC3EC0-457E-463B-B6BB-34BC99D671DC}.Debug|Any CPU.Build.0 = Debug|Any CPU
		{0FEC3EC0-457E-463B-B6BB-34BC99D671DC}.Release|Any CPU.ActiveCfg = Release|Any CPU
		{0FEC3EC0-457E-463B-B6BB-34BC99D671DC}.Release|Any CPU.Build.0 = Release|Any CPU
	EndGlobalSection
	GlobalSection(SolutionProperties) = preSolution
		HideSolutionNode = FALSE
	EndGlobalSection
	GlobalSection(ExtensibilityGlobals) = postSolution
		SolutionGuid = {2719C2B7-DB60-4DFF-A01F-1EDEE1A9AC1F}
	EndGlobalSection
EndGlobal
